
Microsoft Visual Studio Solution File, Format Version 12.00
Project("{FAE04EC0-301F-11D3-BF4B-00C04F79EFBC}") = "apbd_cw5", "apbd_cw5.csproj", "{CCEBD0A5-4816-4856-AC63-06E6083B3165}"
EndProject
Global
	GlobalSection(SolutionConfigurationPlatforms) = preSolution
		Debug|Any CPU = Debug|Any CPU
		Release|Any CPU = Release|Any CPU
	EndGlobalSection
	GlobalSection(ProjectConfigurationPlatforms) = postSolution
		{CCEBD0A5-4816-4856-AC63-06E6083B3165}.Debug|Any CPU.ActiveCfg = Debug|Any CPU
		{CCEBD0A5-4816-4856-AC63-06E6083B3165}.Debug|Any CPU.Build.0 = Debug|Any CPU
		{CCEBD0A5-4816-4856-AC63-06E6083B3165}.Release|Any CPU.ActiveCfg = Release|Any CPU
		{CCEBD0A5-4816-4856-AC63-06E6083B3165}.Release|Any CPU.Build.0 = Release|Any CPU
	EndGlobalSection
EndGlobal
